// !$*UTF8*$!
{
	archiveVersion = 1;
	classes = {
	};
	objectVersion = 46;
	objects = {

/* Begin PBXBuildFile section */
		4B21AC621F29EF8E0044B013 /* excise1.cpp in Sources */ = {isa = PBXBuildFile; fileRef = 4B21AC611F29EF8E0044B013 /* excise1.cpp */; };
		4B21AC661F29F36D0044B013 /* SQList.cpp in Sources */ = {isa = PBXBuildFile; fileRef = 4B21AC651F29F36D0044B013 /* SQList.cpp */; };
		4B34A8001F3471A500D6A796 /* excise2.cpp in Sources */ = {isa = PBXBuildFile; fileRef = 4B34A7FF1F3471A500D6A796 /* excise2.cpp */; };
		4B3729521FA1DFE600D130B8 /* SortWork.cpp in Sources */ = {isa = PBXBuildFile; fileRef = 4B3729501FA1DFE600D130B8 /* SortWork.cpp */; };
		4B3729551FA1E01700D130B8 /* SortHeader.cpp in Sources */ = {isa = PBXBuildFile; fileRef = 4B3729531FA1E01700D130B8 /* SortHeader.cpp */; };
		4B3C82D31F8E1A9A00B5874A /* StackWork.cpp in Sources */ = {isa = PBXBuildFile; fileRef = 4B3C82D11F8E1A9A00B5874A /* StackWork.cpp */; };
		4B4A632C1F96F85F00894784 /* TreeHeader.cpp in Sources */ = {isa = PBXBuildFile; fileRef = 4B4A632A1F96F85F00894784 /* TreeHeader.cpp */; };
		4B4A632F1F96FBF300894784 /* TreeWork.cpp in Sources */ = {isa = PBXBuildFile; fileRef = 4B4A632D1F96FBF300894784 /* TreeWork.cpp */; };
		4B4C57AF1E9F7778004D5EFC /* main.cpp in Sources */ = {isa = PBXBuildFile; fileRef = 4B4C57AE1E9F7778004D5EFC /* main.cpp */; };
		4B4D7CA01F9DEDC000FC2A88 /* MapWork.cpp in Sources */ = {isa = PBXBuildFile; fileRef = 4B4D7C9E1F9DEDC000FC2A88 /* MapWork.cpp */; };
		4B6709021F90724800A9FB18 /* StackHeader.cpp in Sources */ = {isa = PBXBuildFile; fileRef = 4B6709011F90724800A9FB18 /* StackHeader.cpp */; };
		4B6709051F90B21600A9FB18 /* QueueHeader.cpp in Sources */ = {isa = PBXBuildFile; fileRef = 4B6709031F90B21600A9FB18 /* QueueHeader.cpp */; };
/* End PBXBuildFile section */

/* Begin PBXCopyFilesBuildPhase section */
		4B4C57A91E9F7778004D5EFC /* CopyFiles */ = {
			isa = PBXCopyFilesBuildPhase;
			buildActionMask = 2147483647;
			dstPath = /usr/share/man/man1/;
			dstSubfolderSpec = 0;
			files = (
			);
			runOnlyForDeploymentPostprocessing = 1;
		};
/* End PBXCopyFilesBuildPhase section */

/* Begin PBXFileReference section */
		4B21AC601F29E8BD0044B013 /* SQListHeader.h */ = {isa = PBXFileReference; lastKnownFileType = sourcecode.c.h; path = SQListHeader.h; sourceTree = "<group>"; };
		4B21AC611F29EF8E0044B013 /* excise1.cpp */ = {isa = PBXFileReference; fileEncoding = 4; lastKnownFileType = sourcecode.cpp.cpp; path = excise1.cpp; sourceTree = "<group>"; };
		4B21AC651F29F36D0044B013 /* SQList.cpp */ = {isa = PBXFileReference; fileEncoding = 4; lastKnownFileType = sourcecode.cpp.cpp; path = SQList.cpp; sourceTree = "<group>"; };
		4B34A7FF1F3471A500D6A796 /* excise2.cpp */ = {isa = PBXFileReference; fileEncoding = 4; lastKnownFileType = sourcecode.cpp.cpp; path = excise2.cpp; sourceTree = "<group>"; };
		4B3729501FA1DFE600D130B8 /* SortWork.cpp */ = {isa = PBXFileReference; fileEncoding = 4; lastKnownFileType = sourcecode.cpp.cpp; path = SortWork.cpp; sourceTree = "<group>"; };
		4B3729511FA1DFE600D130B8 /* SortWork.hpp */ = {isa = PBXFileReference; fileEncoding = 4; lastKnownFileType = sourcecode.cpp.h; path = SortWork.hpp; sourceTree = "<group>"; };
		4B3729531FA1E01700D130B8 /* SortHeader.cpp */ = {isa = PBXFileReference; fileEncoding = 4; lastKnownFileType = sourcecode.cpp.cpp; path = SortHeader.cpp; sourceTree = "<group>"; };
		4B3729541FA1E01700D130B8 /* SortHeader.hpp */ = {isa = PBXFileReference; fileEncoding = 4; lastKnownFileType = sourcecode.cpp.h; path = SortHeader.hpp; sourceTree = "<group>"; };
		4B3C82D11F8E1A9A00B5874A /* StackWork.cpp */ = {isa = PBXFileReference; fileEncoding = 4; lastKnownFileType = sourcecode.cpp.cpp; path = StackWork.cpp; sourceTree = "<group>"; };
		4B3C82D21F8E1A9A00B5874A /* StackWork.hpp */ = {isa = PBXFileReference; fileEncoding = 4; lastKnownFileType = sourcecode.cpp.h; path = StackWork.hpp; sourceTree = "<group>"; };
		4B496CC91FA08BB5007B8B19 /* KMP.cpp */ = {isa = PBXFileReference; lastKnownFileType = sourcecode.cpp.cpp; path = KMP.cpp; sourceTree = "<group>"; };
		4B496CCA1FA08BB5007B8B19 /* KMP.h */ = {isa = PBXFileReference; lastKnownFileType = sourcecode.c.h; path = KMP.h; sourceTree = "<group>"; };
		4B4A632A1F96F85F00894784 /* TreeHeader.cpp */ = {isa = PBXFileReference; fileEncoding = 4; lastKnownFileType = sourcecode.cpp.cpp; path = TreeHeader.cpp; sourceTree = "<group>"; };
		4B4A632B1F96F85F00894784 /* TreeHeader.h */ = {isa = PBXFileReference; fileEncoding = 4; lastKnownFileType = sourcecode.c.h; path = TreeHeader.h; sourceTree = "<group>"; };
		4B4A632D1F96FBF300894784 /* TreeWork.cpp */ = {isa = PBXFileReference; fileEncoding = 4; lastKnownFileType = sourcecode.cpp.cpp; path = TreeWork.cpp; sourceTree = "<group>"; };
		4B4A632E1F96FBF300894784 /* TreeWork.hpp */ = {isa = PBXFileReference; fileEncoding = 4; lastKnownFileType = sourcecode.cpp.h; path = TreeWork.hpp; sourceTree = "<group>"; };
		4B4C57AB1E9F7778004D5EFC /* 数据结构 */ = {isa = PBXFileReference; explicitFileType = "compiled.mach-o.executable"; includeInIndex = 0; path = "数据结构"; sourceTree = BUILT_PRODUCTS_DIR; };
		4B4C57AE1E9F7778004D5EFC /* main.cpp */ = {isa = PBXFileReference; lastKnownFileType = sourcecode.cpp.cpp; path = main.cpp; sourceTree = "<group>"; };
		4B4D7C9E1F9DEDC000FC2A88 /* MapWork.cpp */ = {isa = PBXFileReference; fileEncoding = 4; lastKnownFileType = sourcecode.cpp.cpp; path = MapWork.cpp; sourceTree = "<group>"; };
		4B4D7C9F1F9DEDC000FC2A88 /* MapWork.hpp */ = {isa = PBXFileReference; fileEncoding = 4; lastKnownFileType = sourcecode.cpp.h; path = MapWork.hpp; sourceTree = "<group>"; };
		4B6708FF1F906EBF00A9FB18 /* StackHeader.h */ = {isa = PBXFileReference; lastKnownFileType = sourcecode.c.h; path = StackHeader.h; sourceTree = "<group>"; };
		4B6709001F90701100A9FB18 /* CommonHeader.h */ = {isa = PBXFileReference; lastKnownFileType = sourcecode.c.h; path = CommonHeader.h; sourceTree = "<group>"; };
		4B6709011F90724800A9FB18 /* StackHeader.cpp */ = {isa = PBXFileReference; fileEncoding = 4; lastKnownFileType = sourcecode.cpp.cpp; path = StackHeader.cpp; sourceTree = "<group>"; };
		4B6709031F90B21600A9FB18 /* QueueHeader.cpp */ = {isa = PBXFileReference; fileEncoding = 4; lastKnownFileType = sourcecode.cpp.cpp; path = QueueHeader.cpp; sourceTree = "<group>"; };
		4B6709041F90B21600A9FB18 /* QueueHeader.h */ = {isa = PBXFileReference; fileEncoding = 4; lastKnownFileType = sourcecode.c.h; path = QueueHeader.h; sourceTree = "<group>"; };
/* End PBXFileReference section */

/* Begin PBXFrameworksBuildPhase section */
		4B4C57A81E9F7778004D5EFC /* Frameworks */ = {
			isa = PBXFrameworksBuildPhase;
			buildActionMask = 2147483647;
			files = (
			);
			runOnlyForDeploymentPostprocessing = 0;
		};
/* End PBXFrameworksBuildPhase section */

/* Begin PBXGroup section */
		4B21AC5C1F29E64F0044B013 /* 第二章 线性表 */ = {
			isa = PBXGroup;
			children = (
				4B21AC601F29E8BD0044B013 /* SQListHeader.h */,
				4B21AC651F29F36D0044B013 /* SQList.cpp */,
				4B21AC611F29EF8E0044B013 /* excise1.cpp */,
				4B34A7FF1F3471A500D6A796 /* excise2.cpp */,
			);
			path = "第二章 线性表";
			sourceTree = "<group>";
		};
		4B37294F1FA1DFD700D130B8 /* 第七章 排序 */ = {
			isa = PBXGroup;
			children = (
				4B3729541FA1E01700D130B8 /* SortHeader.hpp */,
				4B3729531FA1E01700D130B8 /* SortHeader.cpp */,
				4B3729511FA1DFE600D130B8 /* SortWork.hpp */,
				4B3729501FA1DFE600D130B8 /* SortWork.cpp */,
			);
			path = "第七章 排序";
			sourceTree = "<group>";
		};
		4B3C82D01F8E1A4100B5874A /* 第三章 栈和队列 */ = {
			isa = PBXGroup;
			children = (
				4B6708FF1F906EBF00A9FB18 /* StackHeader.h */,
				4B6709011F90724800A9FB18 /* StackHeader.cpp */,
				4B6709041F90B21600A9FB18 /* QueueHeader.h */,
				4B6709031F90B21600A9FB18 /* QueueHeader.cpp */,
				4B3C82D21F8E1A9A00B5874A /* StackWork.hpp */,
				4B3C82D11F8E1A9A00B5874A /* StackWork.cpp */,
			);
			path = "第三章 栈和队列";
			sourceTree = "<group>";
		};
		4B496CC81FA08BB5007B8B19 /* 第六章 查找 */ = {
			isa = PBXGroup;
			children = (
				4B496CCA1FA08BB5007B8B19 /* KMP.h */,
				4B496CC91FA08BB5007B8B19 /* KMP.cpp */,
			);
			name = "第六章 查找";
			path = "数据结构/第六章 查找";
			sourceTree = SOURCE_ROOT;
		};
		4B4A63291F96F84400894784 /* 第四章 树 */ = {
			isa = PBXGroup;
			children = (
				4B4A632B1F96F85F00894784 /* TreeHeader.h */,
				4B4A632A1F96F85F00894784 /* TreeHeader.cpp */,
				4B4A632E1F96FBF300894784 /* TreeWork.hpp */,
				4B4A632D1F96FBF300894784 /* TreeWork.cpp */,
			);
			path = "第四章 树";
			sourceTree = "<group>";
		};
		4B4C57A21E9F7778004D5EFC = {
			isa = PBXGroup;
			children = (
				4B4C57AD1E9F7778004D5EFC /* 数据结构 */,
				4B4C57AC1E9F7778004D5EFC /* Products */,
			);
			sourceTree = "<group>";
		};
		4B4C57AC1E9F7778004D5EFC /* Products */ = {
			isa = PBXGroup;
			children = (
				4B4C57AB1E9F7778004D5EFC /* 数据结构 */,
			);
			name = Products;
			sourceTree = "<group>";
		};
		4B4C57AD1E9F7778004D5EFC /* 数据结构 */ = {
			isa = PBXGroup;
			children = (
				4B6709001F90701100A9FB18 /* CommonHeader.h */,
				4B4C57AE1E9F7778004D5EFC /* main.cpp */,
				4B21AC5C1F29E64F0044B013 /* 第二章 线性表 */,
				4B3C82D01F8E1A4100B5874A /* 第三章 栈和队列 */,
				4B4A63291F96F84400894784 /* 第四章 树 */,
				4B4D7C9D1F9DEDA500FC2A88 /* 第五章 图 */,
				4B496CC81FA08BB5007B8B19 /* 第六章 查找 */,
				4B37294F1FA1DFD700D130B8 /* 第七章 排序 */,
			);
			path = "数据结构";
			sourceTree = "<group>";
		};
		4B4D7C9D1F9DEDA500FC2A88 /* 第五章 图 */ = {
			isa = PBXGroup;
			children = (
				4B4D7C9F1F9DEDC000FC2A88 /* MapWork.hpp */,
				4B4D7C9E1F9DEDC000FC2A88 /* MapWork.cpp */,
			);
			path = "第五章 图";
			sourceTree = "<group>";
		};
/* End PBXGroup section */

/* Begin PBXNativeTarget section */
		4B4C57AA1E9F7778004D5EFC /* 数据结构 */ = {
			isa = PBXNativeTarget;
			buildConfigurationList = 4B4C57B21E9F7778004D5EFC /* Build configuration list for PBXNativeTarget "数据结构" */;
			buildPhases = (
				4B4C57A71E9F7778004D5EFC /* Sources */,
				4B4C57A81E9F7778004D5EFC /* Frameworks */,
				4B4C57A91E9F7778004D5EFC /* CopyFiles */,
			);
			buildRules = (
			);
			dependencies = (
			);
			name = "数据结构";
			productName = "数据结构";
			productReference = 4B4C57AB1E9F7778004D5EFC /* 数据结构 */;
			productType = "com.apple.product-type.tool";
		};
/* End PBXNativeTarget section */

/* Begin PBXProject section */
		4B4C57A31E9F7778004D5EFC /* Project object */ = {
			isa = PBXProject;
			attributes = {
				LastUpgradeCheck = 0800;
				ORGANIZATIONNAME = "黄人煌";
				TargetAttributes = {
					4B4C57AA1E9F7778004D5EFC = {
						CreatedOnToolsVersion = 8.0;
						ProvisioningStyle = Automatic;
					};
				};
			};
			buildConfigurationList = 4B4C57A61E9F7778004D5EFC /* Build configuration list for PBXProject "数据结构" */;
			compatibilityVersion = "Xcode 3.2";
			developmentRegion = English;
			hasScannedForEncodings = 0;
			knownRegions = (
				en,
			);
			mainGroup = 4B4C57A21E9F7778004D5EFC;
			productRefGroup = 4B4C57AC1E9F7778004D5EFC /* Products */;
			projectDirPath = "";
			projectRoot = "";
			targets = (
				4B4C57AA1E9F7778004D5EFC /* 数据结构 */,
			);
		};
/* End PBXProject section */

/* Begin PBXSourcesBuildPhase section */
		4B4C57A71E9F7778004D5EFC /* Sources */ = {
			isa = PBXSourcesBuildPhase;
			buildActionMask = 2147483647;
			files = (
				4B3729551FA1E01700D130B8 /* SortHeader.cpp in Sources */,
				4B4D7CA01F9DEDC000FC2A88 /* MapWork.cpp in Sources */,
				4B4A632F1F96FBF300894784 /* TreeWork.cpp in Sources */,
				4B4A632C1F96F85F00894784 /* TreeHeader.cpp in Sources */,
				4B21AC661F29F36D0044B013 /* SQList.cpp in Sources */,
				4B3C82D31F8E1A9A00B5874A /* StackWork.cpp in Sources */,
				4B34A8001F3471A500D6A796 /* excise2.cpp in Sources */,
				4B6709021F90724800A9FB18 /* StackHeader.cpp in Sources */,
				4B4C57AF1E9F7778004D5EFC /* main.cpp in Sources */,
				4B3729521FA1DFE600D130B8 /* SortWork.cpp in Sources */,
				4B6709051F90B21600A9FB18 /* QueueHeader.cpp in Sources */,
				4B21AC621F29EF8E0044B013 /* excise1.cpp in Sources */,
			);
			runOnlyForDeploymentPostprocessing = 0;
		};
/* End PBXSourcesBuildPhase section */

/* Begin XCBuildConfiguration section */
		4B4C57B01E9F7778004D5EFC /* Debug */ = {
			isa = XCBuildConfiguration;
			buildSettings = {
				ALWAYS_SEARCH_USER_PATHS = NO;
				CLANG_ANALYZER_NONNULL = YES;
				CLANG_CXX_LANGUAGE_STANDARD = "gnu++0x";
				CLANG_CXX_LIBRARY = "libc++";
				CLANG_ENABLE_MODULES = YES;
				CLANG_ENABLE_OBJC_ARC = YES;
				CLANG_WARN_BOOL_CONVERSION = YES;
				CLANG_WARN_CONSTANT_CONVERSION = YES;
				CLANG_WARN_DIRECT_OBJC_ISA_USAGE = YES_ERROR;
				CLANG_WARN_DOCUMENTATION_COMMENTS = YES;
				CLANG_WARN_EMPTY_BODY = YES;
				CLANG_WARN_ENUM_CONVERSION = YES;
				CLANG_WARN_INFINITE_RECURSION = YES;
				CLANG_WARN_INT_CONVERSION = YES;
				CLANG_WARN_OBJC_ROOT_CLASS = YES_ERROR;
				CLANG_WARN_SUSPICIOUS_MOVES = YES;
				CLANG_WARN_UNREACHABLE_CODE = YES;
				CLANG_WARN__DUPLICATE_METHOD_MATCH = YES;
				CODE_SIGN_IDENTITY = "-";
				COPY_PHASE_STRIP = NO;
				DEBUG_INFORMATION_FORMAT = dwarf;
				ENABLE_STRICT_OBJC_MSGSEND = YES;
				ENABLE_TESTABILITY = YES;
				GCC_C_LANGUAGE_STANDARD = gnu99;
				GCC_DYNAMIC_NO_PIC = NO;
				GCC_NO_COMMON_BLOCKS = YES;
				GCC_OPTIMIZATION_LEVEL = 0;
				GCC_PREPROCESSOR_DEFINITIONS = (
					"DEBUG=1",
					"$(inherited)",
				);
				GCC_WARN_64_TO_32_BIT_CONVERSION = YES;
				GCC_WARN_ABOUT_RETURN_TYPE = YES_ERROR;
				GCC_WARN_UNDECLARED_SELECTOR = YES;
				GCC_WARN_UNINITIALIZED_AUTOS = YES_AGGRESSIVE;
				GCC_WARN_UNUSED_FUNCTION = YES;
				GCC_WARN_UNUSED_VARIABLE = YES;
				MACOSX_DEPLOYMENT_TARGET = 10.12;
				MTL_ENABLE_DEBUG_INFO = YES;
				ONLY_ACTIVE_ARCH = YES;
				SDKROOT = macosx;
			};
			name = Debug;
		};
		4B4C57B11E9F7778004D5EFC /* Release */ = {
			isa = XCBuildConfiguration;
			buildSettings = {
				ALWAYS_SEARCH_USER_PATHS = NO;
				CLANG_ANALYZER_NONNULL = YES;
				CLANG_CXX_LANGUAGE_STANDARD = "gnu++0x";
				CLANG_CXX_LIBRARY = "libc++";
				CLANG_ENABLE_MODULES = YES;
				CLANG_ENABLE_OBJC_ARC = YES;
				CLANG_WARN_BOOL_CONVERSION = YES;
				CLANG_WARN_CONSTANT_CONVERSION = YES;
				CLANG_WARN_DIRECT_OBJC_ISA_USAGE = YES_ERROR;
				CLANG_WARN_DOCUMENTATION_COMMENTS = YES;
				CLANG_WARN_EMPTY_BODY = YES;
				CLANG_WARN_ENUM_CONVERSION = YES;
				CLANG_WARN_INFINITE_RECURSION = YES;
				CLANG_WARN_INT_CONVERSION = YES;
				CLANG_WARN_OBJC_ROOT_CLASS = YES_ERROR;
				CLANG_WARN_SUSPICIOUS_MOVES = YES;
				CLANG_WARN_UNREACHABLE_CODE = YES;
				CLANG_WARN__DUPLICATE_METHOD_MATCH = YES;
				CODE_SIGN_IDENTITY = "-";
				COPY_PHASE_STRIP = NO;
				DEBUG_INFORMATION_FORMAT = "dwarf-with-dsym";
				ENABLE_NS_ASSERTIONS = NO;
				ENABLE_STRICT_OBJC_MSGSEND = YES;
				GCC_C_LANGUAGE_STANDARD = gnu99;
				GCC_NO_COMMON_BLOCKS = YES;
				GCC_WARN_64_TO_32_BIT_CONVERSION = YES;
				GCC_WARN_ABOUT_RETURN_TYPE = YES_ERROR;
				GCC_WARN_UNDECLARED_SELECTOR = YES;
				GCC_WARN_UNINITIALIZED_AUTOS = YES_AGGRESSIVE;
				GCC_WARN_UNUSED_FUNCTION = YES;
				GCC_WARN_UNUSED_VARIABLE = YES;
				MACOSX_DEPLOYMENT_TARGET = 10.12;
				MTL_ENABLE_DEBUG_INFO = NO;
				SDKROOT = macosx;
			};
			name = Release;
		};
		4B4C57B31E9F7778004D5EFC /* Debug */ = {
			isa = XCBuildConfiguration;
			buildSettings = {
				PRODUCT_NAME = "$(TARGET_NAME)";
			};
			name = Debug;
		};
		4B4C57B41E9F7778004D5EFC /* Release */ = {
			isa = XCBuildConfiguration;
			buildSettings = {
				PRODUCT_NAME = "$(TARGET_NAME)";
			};
			name = Release;
		};
/* End XCBuildConfiguration section */

/* Begin XCConfigurationList section */
		4B4C57A61E9F7778004D5EFC /* Build configuration list for PBXProject "数据结构" */ = {
			isa = XCConfigurationList;
			buildConfigurations = (
				4B4C57B01E9F7778004D5EFC /* Debug */,
				4B4C57B11E9F7778004D5EFC /* Release */,
			);
			defaultConfigurationIsVisible = 0;
			defaultConfigurationName = Release;
		};
		4B4C57B21E9F7778004D5EFC /* Build configuration list for PBXNativeTarget "数据结构" */ = {
			isa = XCConfigurationList;
			buildConfigurations = (
				4B4C57B31E9F7778004D5EFC /* Debug */,
				4B4C57B41E9F7778004D5EFC /* Release */,
			);
			defaultConfigurationIsVisible = 0;
			defaultConfigurationName = Release;
		};
/* End XCConfigurationList section */
	};
	rootObject = 4B4C57A31E9F7778004D5EFC /* Project object */;
}
